
Microsoft Visual Studio Solution File, Format Version 12.00
# Visual Studio Version 16
VisualStudioVersion = 16.0.29215.179
MinimumVisualStudioVersion = 10.0.40219.1
Project("{FAE04EC0-301F-11D3-BF4B-00C04F79EFBC}") = "mvc-codigo-8-lista-jquery", "mvc-codigo-8-lista-jquery.csproj", "{9A6E308B-93E5-43FB-90A5-519B4B4ED09A}"
EndProject
Global
	GlobalSection(SolutionConfigurationPlatforms) = preSolution
		Debug|Any CPU = Debug|Any CPU
		Release|Any CPU = Release|Any CPU
	EndGlobalSection
	GlobalSection(ProjectConfigurationPlatforms) = postSolution
		{9A6E308B-93E5-43FB-90A5-519B4B4ED09A}.Debug|Any CPU.ActiveCfg = Debug|Any CPU
		{9A6E308B-93E5-43FB-90A5-519B4B4ED09A}.Debug|Any CPU.Build.0 = Debug|Any CPU
		{9A6E308B-93E5-43FB-90A5-519B4B4ED09A}.Release|Any CPU.ActiveCfg = Release|Any CPU
		{9A6E308B-93E5-43FB-90A5-519B4B4ED09A}.Release|Any CPU.Build.0 = Release|Any CPU
	EndGlobalSection
	GlobalSection(SolutionProperties) = preSolution
		HideSolutionNode = FALSE
	EndGlobalSection
	GlobalSection(ExtensibilityGlobals) = postSolution
		SolutionGuid = {D831F558-4209-41EA-BF02-79E5B1229625}
	EndGlobalSection
EndGlobal
