
Microsoft Visual Studio Solution File, Format Version 12.00
# Visual Studio Version 16
VisualStudioVersion = 16.0.28803.352
MinimumVisualStudioVersion = 10.0.40219.1
Project("{FAE04EC0-301F-11D3-BF4B-00C04F79EFBC}") = "mvc-codigo-3-modelo", "mvc-codigo-3-modelo\mvc-codigo-3-modelo.csproj", "{02EB4E5A-5B90-415A-A9B9-BFA7A19D724E}"
EndProject
Global
	GlobalSection(SolutionConfigurationPlatforms) = preSolution
		Debug|Any CPU = Debug|Any CPU
		Release|Any CPU = Release|Any CPU
	EndGlobalSection
	GlobalSection(ProjectConfigurationPlatforms) = postSolution
		{02EB4E5A-5B90-415A-A9B9-BFA7A19D724E}.Debug|Any CPU.ActiveCfg = Debug|Any CPU
		{02EB4E5A-5B90-415A-A9B9-BFA7A19D724E}.Debug|Any CPU.Build.0 = Debug|Any CPU
		{02EB4E5A-5B90-415A-A9B9-BFA7A19D724E}.Release|Any CPU.ActiveCfg = Release|Any CPU
		{02EB4E5A-5B90-415A-A9B9-BFA7A19D724E}.Release|Any CPU.Build.0 = Release|Any CPU
	EndGlobalSection
	GlobalSection(SolutionProperties) = preSolution
		HideSolutionNode = FALSE
	EndGlobalSection
	GlobalSection(ExtensibilityGlobals) = postSolution
		SolutionGuid = {AB728538-4B0F-4AA2-BE44-73F69C4C8439}
	EndGlobalSection
EndGlobal
